
Microsoft Visual Studio Solution File, Format Version 12.00
# Visual Studio Version 16
VisualStudioVersion = 16.0.28803.202
MinimumVisualStudioVersion = 10.0.40219.1
Project("{FAE04EC0-301F-11D3-BF4B-00C04F79EFBC}") = "MyShop", "MyShop\MyShop.csproj", "{9EEEAE8B-3481-457C-9A9D-76977ECA46E2}"
EndProject
Project("{FAE04EC0-301F-11D3-BF4B-00C04F79EFBC}") = "DataAccessLayer", "DataAccessLayer\DataAccessLayer.csproj", "{CD6EC31F-DAB3-44FC-8291-F006B67493F8}"
EndProject
Project("{FAE04EC0-301F-11D3-BF4B-00C04F79EFBC}") = "ConsoleApp1", "ConsoleApp1\ConsoleApp1.csproj", "{65EF703D-5097-49AA-96E7-FFDFB5688B6B}"
EndProject
Project("{FAE04EC0-301F-11D3-BF4B-00C04F79EFBC}") = "myShop.Son", "myShop.Son\myShop.Son.csproj", "{70036939-4EC2-4B3C-A15C-30B501A89D81}"
EndProject
Project("{FAE04EC0-301F-11D3-BF4B-00C04F79EFBC}") = "DataAccessLayer.2", "DataAccessLayer.2\DataAccessLayer.2.csproj", "{84539AE2-18F8-4511-9188-7C6C19F00C5B}"
EndProject
Global
	GlobalSection(SolutionConfigurationPlatforms) = preSolution
		Debug|Any CPU = Debug|Any CPU
		Release|Any CPU = Release|Any CPU
	EndGlobalSection
	GlobalSection(ProjectConfigurationPlatforms) = postSolution
		{9EEEAE8B-3481-457C-9A9D-76977ECA46E2}.Debug|Any CPU.ActiveCfg = Debug|Any CPU
		{9EEEAE8B-3481-457C-9A9D-76977ECA46E2}.Debug|Any CPU.Build.0 = Debug|Any CPU
		{9EEEAE8B-3481-457C-9A9D-76977ECA46E2}.Release|Any CPU.ActiveCfg = Release|Any CPU
		{9EEEAE8B-3481-457C-9A9D-76977ECA46E2}.Release|Any CPU.Build.0 = Release|Any CPU
		{CD6EC31F-DAB3-44FC-8291-F006B67493F8}.Debug|Any CPU.ActiveCfg = Debug|Any CPU
		{CD6EC31F-DAB3-44FC-8291-F006B67493F8}.Debug|Any CPU.Build.0 = Debug|Any CPU
		{CD6EC31F-DAB3-44FC-8291-F006B67493F8}.Release|Any CPU.ActiveCfg = Release|Any CPU
		{CD6EC31F-DAB3-44FC-8291-F006B67493F8}.Release|Any CPU.Build.0 = Release|Any CPU
		{65EF703D-5097-49AA-96E7-FFDFB5688B6B}.Debug|Any CPU.ActiveCfg = Debug|Any CPU
		{65EF703D-5097-49AA-96E7-FFDFB5688B6B}.Debug|Any CPU.Build.0 = Debug|Any CPU
		{65EF703D-5097-49AA-96E7-FFDFB5688B6B}.Release|Any CPU.ActiveCfg = Release|Any CPU
		{65EF703D-5097-49AA-96E7-FFDFB5688B6B}.Release|Any CPU.Build.0 = Release|Any CPU
		{70036939-4EC2-4B3C-A15C-30B501A89D81}.Debug|Any CPU.ActiveCfg = Debug|Any CPU
		{70036939-4EC2-4B3C-A15C-30B501A89D81}.Debug|Any CPU.Build.0 = Debug|Any CPU
		{70036939-4EC2-4B3C-A15C-30B501A89D81}.Release|Any CPU.ActiveCfg = Release|Any CPU
		{70036939-4EC2-4B3C-A15C-30B501A89D81}.Release|Any CPU.Build.0 = Release|Any CPU
		{84539AE2-18F8-4511-9188-7C6C19F00C5B}.Debug|Any CPU.ActiveCfg = Debug|Any CPU
		{84539AE2-18F8-4511-9188-7C6C19F00C5B}.Debug|Any CPU.Build.0 = Debug|Any CPU
		{84539AE2-18F8-4511-9188-7C6C19F00C5B}.Release|Any CPU.ActiveCfg = Release|Any CPU
		{84539AE2-18F8-4511-9188-7C6C19F00C5B}.Release|Any CPU.Build.0 = Release|Any CPU
	EndGlobalSection
	GlobalSection(SolutionProperties) = preSolution
		HideSolutionNode = FALSE
	EndGlobalSection
	GlobalSection(ExtensibilityGlobals) = postSolution
		SolutionGuid = {4BDA226C-D708-4C7F-90BD-4555DE1DBBF6}
	EndGlobalSection
EndGlobal
